// !$*UTF8*$!
{
	archiveVersion = 1;
	classes = {
	};
	objectVersion = 46;
	objects = {

/* Begin PBXBuildFile section */
		BDD263F01D2E07B00009A7D2 /* main.c in Sources */ = {isa = PBXBuildFile; fileRef = BDD263EF1D2E07B00009A7D2 /* main.c */; };
/* End PBXBuildFile section */

/* Begin PBXCopyFilesBuildPhase section */
		BDD263EA1D2E07B00009A7D2 /* CopyFiles */ = {
			isa = PBXCopyFilesBuildPhase;
			buildActionMask = 2147483647;
			dstPath = /usr/share/man/man1/;
			dstSubfolderSpec = 0;
			files = (
			);
			runOnlyForDeploymentPostprocessing = 1;
		};
/* End PBXCopyFilesBuildPhase section */

/* Begin PBXFileReference section */
		BDD263EC1D2E07B00009A7D2 /* Chap2-3 */ = {isa = PBXFileReference; explicitFileType = "compiled.mach-o.executable"; includeInIndex = 0; path = "Chap2-3"; sourceTree = BUILT_PRODUCTS_DIR; };
		BDD263EF1D2E07B00009A7D2 /* main.c */ = {isa = PBXFileReference; lastKnownFileType = sourcecode.c.c; path = main.c; sourceTree = "<group>"; };
/* End PBXFileReference section */

/* Begin PBXFrameworksBuildPhase section */
		BDD263E91D2E07B00009A7D2 /* Frameworks */ = {
			isa = PBXFrameworksBuildPhase;
			buildActionMask = 2147483647;
			files = (
			);
			runOnlyForDeploymentPostprocessing = 0;
		};
/* End PBXFrameworksBuildPhase section */

/* Begin PBXGroup section */
		BDD263E31D2E07B00009A7D2 = {
			isa = PBXGroup;
			children = (
				BDD263EE1D2E07B00009A7D2 /* Chap2-3 */,
				BDD263ED1D2E07B00009A7D2 /* Products */,
			);
			sourceTree = "<group>";
		};
		BDD263ED1D2E07B00009A7D2 /* Products */ = {
			isa = PBXGroup;
			children = (
				BDD263EC1D2E07B00009A7D2 /* Chap2-3 */,
			);
			name = Products;
			sourceTree = "<group>";
		};
		BDD263EE1D2E07B00009A7D2 /* Chap2-3 */ = {
			isa = PBXGroup;
			children = (
				BDD263EF1D2E07B00009A7D2 /* main.c */,
			);
			path = "Chap2-3";
			sourceTree = "<group>";
		};
/* End PBXGroup section */

/* Begin PBXNativeTarget section */
		BDD263EB1D2E07B00009A7D2 /* Chap2-3 */ = {
			isa = PBXNativeTarget;
			buildConfigurationList = BDD263F31D2E07B00009A7D2 /* Build configuration list for PBXNativeTarget "Chap2-3" */;
			buildPhases = (
				BDD263E81D2E07B00009A7D2 /* Sources */,
				BDD263E91D2E07B00009A7D2 /* Frameworks */,
				BDD263EA1D2E07B00009A7D2 /* CopyFiles */,
			);
			buildRules = (
			);
			dependencies = (
			);
			name = "Chap2-3";
			productName = "Chap2-3";
			productReference = BDD263EC1D2E07B00009A7D2 /* Chap2-3 */;
			productType = "com.apple.product-type.tool";
		};
/* End PBXNativeTarget section */

/* Begin PBXProject section */
		BDD263E41D2E07B00009A7D2 /* Project object */ = {
			isa = PBXProject;
			attributes = {
				LastUpgradeCheck = 0720;
				ORGANIZATIONNAME = "Anh Luong";
				TargetAttributes = {
					BDD263EB1D2E07B00009A7D2 = {
						CreatedOnToolsVersion = 7.2.1;
					};
				};
			};
			buildConfigurationList = BDD263E71D2E07B00009A7D2 /* Build configuration list for PBXProject "Chap2-3" */;
			compatibilityVersion = "Xcode 3.2";
			developmentRegion = English;
			hasScannedForEncodings = 0;
			knownRegions = (
				en,
			);
			mainGroup = BDD263E31D2E07B00009A7D2;
			productRefGroup = BDD263ED1D2E07B00009A7D2 /* Products */;
			projectDirPath = "";
			projectRoot = "";
			targets = (
				BDD263EB1D2E07B00009A7D2 /* Chap2-3 */,
			);
		};
/* End PBXProject section */

/* Begin PBXSourcesBuildPhase section */
		BDD263E81D2E07B00009A7D2 /* Sources */ = {
			isa = PBXSourcesBuildPhase;
			buildActionMask = 2147483647;
			files = (
				BDD263F01D2E07B00009A7D2 /* main.c in Sources */,
			);
			runOnlyForDeploymentPostprocessing = 0;
		};
/* End PBXSourcesBuildPhase section */

/* Begin XCBuildConfiguration section */
		BDD263F11D2E07B00009A7D2 /* Debug */ = {
			isa = XCBuildConfiguration;
			buildSettings = {
				ALWAYS_SEARCH_USER_PATHS = NO;
				CLANG_CXX_LANGUAGE_STANDARD = "gnu++0x";
				CLANG_CXX_LIBRARY = "libc++";
				CLANG_ENABLE_MODULES = YES;
				CLANG_ENABLE_OBJC_ARC = YES;
				CLANG_WARN_BOOL_CONVERSION = YES;
				CLANG_WARN_CONSTANT_CONVERSION = YES;
				CLANG_WARN_DIRECT_OBJC_ISA_USAGE = YES_ERROR;
				CLANG_WARN_EMPTY_BODY = YES;
				CLANG_WARN_ENUM_CONVERSION = YES;
				CLANG_WARN_INT_CONVERSION = YES;
				CLANG_WARN_OBJC_ROOT_CLASS = YES_ERROR;
				CLANG_WARN_UNREACHABLE_CODE = YES;
				CLANG_WARN__DUPLICATE_METHOD_MATCH = YES;
				CODE_SIGN_IDENTITY = "-";
				COPY_PHASE_STRIP = NO;
				DEBUG_INFORMATION_FORMAT = dwarf;
				ENABLE_STRICT_OBJC_MSGSEND = YES;
				ENABLE_TESTABILITY = YES;
				GCC_C_LANGUAGE_STANDARD = gnu99;
				GCC_DYNAMIC_NO_PIC = NO;
				GCC_NO_COMMON_BLOCKS = YES;
				GCC_OPTIMIZATION_LEVEL = 0;
				GCC_PREPROCESSOR_DEFINITIONS = (
					"DEBUG=1",
					"$(inherited)",
				);
				GCC_WARN_64_TO_32_BIT_CONVERSION = YES;
				GCC_WARN_ABOUT_RETURN_TYPE = YES_ERROR;
				GCC_WARN_UNDECLARED_SELECTOR = YES;
				GCC_WARN_UNINITIALIZED_AUTOS = YES_AGGRESSIVE;
				GCC_WARN_UNUSED_FUNCTION = YES;
				GCC_WARN_UNUSED_VARIABLE = YES;
				MACOSX_DEPLOYMENT_TARGET = 10.10;
				MTL_ENABLE_DEBUG_INFO = YES;
				ONLY_ACTIVE_ARCH = YES;
				SDKROOT = macosx;
			};
			name = Debug;
		};
		BDD263F21D2E07B00009A7D2 /* Release */ = {
			isa = XCBuildConfiguration;
			buildSettings = {
				ALWAYS_SEARCH_USER_PATHS = NO;
				CLANG_CXX_LANGUAGE_STANDARD = "gnu++0x";
				CLANG_CXX_LIBRARY = "libc++";
				CLANG_ENABLE_MODULES = YES;
				CLANG_ENABLE_OBJC_ARC = YES;
				CLANG_WARN_BOOL_CONVERSION = YES;
				CLANG_WARN_CONSTANT_CONVERSION = YES;
				CLANG_WARN_DIRECT_OBJC_ISA_USAGE = YES_ERROR;
				CLANG_WARN_EMPTY_BODY = YES;
				CLANG_WARN_ENUM_CONVERSION = YES;
				CLANG_WARN_INT_CONVERSION = YES;
				CLANG_WARN_OBJC_ROOT_CLASS = YES_ERROR;
				CLANG_WARN_UNREACHABLE_CODE = YES;
				CLANG_WARN__DUPLICATE_METHOD_MATCH = YES;
				CODE_SIGN_IDENTITY = "-";
				COPY_PHASE_STRIP = NO;
				DEBUG_INFORMATION_FORMAT = "dwarf-with-dsym";
				ENABLE_NS_ASSERTIONS = NO;
				ENABLE_STRICT_OBJC_MSGSEND = YES;
				GCC_C_LANGUAGE_STANDARD = gnu99;
				GCC_NO_COMMON_BLOCKS = YES;
				GCC_WARN_64_TO_32_BIT_CONVERSION = YES;
				GCC_WARN_ABOUT_RETURN_TYPE = YES_ERROR;
				GCC_WARN_UNDECLARED_SELECTOR = YES;
				GCC_WARN_UNINITIALIZED_AUTOS = YES_AGGRESSIVE;
				GCC_WARN_UNUSED_FUNCTION = YES;
				GCC_WARN_UNUSED_VARIABLE = YES;
				MACOSX_DEPLOYMENT_TARGET = 10.10;
				MTL_ENABLE_DEBUG_INFO = NO;
				SDKROOT = macosx;
			};
			name = Release;
		};
		BDD263F41D2E07B00009A7D2 /* Debug */ = {
			isa = XCBuildConfiguration;
			buildSettings = {
				PRODUCT_NAME = "$(TARGET_NAME)";
			};
			name = Debug;
		};
		BDD263F51D2E07B00009A7D2 /* Release */ = {
			isa = XCBuildConfiguration;
			buildSettings = {
				PRODUCT_NAME = "$(TARGET_NAME)";
			};
			name = Release;
		};
/* End XCBuildConfiguration section */

/* Begin XCConfigurationList section */
		BDD263E71D2E07B00009A7D2 /* Build configuration list for PBXProject "Chap2-3" */ = {
			isa = XCConfigurationList;
			buildConfigurations = (
				BDD263F11D2E07B00009A7D2 /* Debug */,
				BDD263F21D2E07B00009A7D2 /* Release */,
			);
			defaultConfigurationIsVisible = 0;
			defaultConfigurationName = Release;
		};
		BDD263F31D2E07B00009A7D2 /* Build configuration list for PBXNativeTarget "Chap2-3" */ = {
			isa = XCConfigurationList;
			buildConfigurations = (
				BDD263F41D2E07B00009A7D2 /* Debug */,
				BDD263F51D2E07B00009A7D2 /* Release */,
			);
			defaultConfigurationIsVisible = 0;
		};
/* End XCConfigurationList section */
	};
	rootObject = BDD263E41D2E07B00009A7D2 /* Project object */;
}
